// !$*UTF8*$!
{
	archiveVersion = 1;
	classes = {
	};
	objectVersion = 56;
	objects = {

/* Begin PBXBuildFile section */
		15DD2A0D29D597EE00254F81 /* _00knocksApp.swift in Sources */ = {isa = PBXBuildFile; fileRef = 15DD2A0C29D597EE00254F81 /* _00knocksApp.swift */; };
		15DD2A0F29D597EE00254F81 /* ContentView.swift in Sources */ = {isa = PBXBuildFile; fileRef = 15DD2A0E29D597EE00254F81 /* ContentView.swift */; };
		15DD2A1129D597EF00254F81 /* Assets.xcassets in Resources */ = {isa = PBXBuildFile; fileRef = 15DD2A1029D597EF00254F81 /* Assets.xcassets */; };
		15DD2A1429D597EF00254F81 /* Preview Assets.xcassets in Resources */ = {isa = PBXBuildFile; fileRef = 15DD2A1329D597EF00254F81 /* Preview Assets.xcassets */; };
		15DD2A1E29D597EF00254F81 /* _00knocksTests.swift in Sources */ = {isa = PBXBuildFile; fileRef = 15DD2A1D29D597EF00254F81 /* _00knocksTests.swift */; };
		15DD2A2829D597EF00254F81 /* _00knocksUITests.swift in Sources */ = {isa = PBXBuildFile; fileRef = 15DD2A2729D597EF00254F81 /* _00knocksUITests.swift */; };
		15DD2A2A29D597EF00254F81 /* _00knocksUITestsLaunchTests.swift in Sources */ = {isa = PBXBuildFile; fileRef = 15DD2A2929D597EF00254F81 /* _00knocksUITestsLaunchTests.swift */; };
/* End PBXBuildFile section */

/* Begin PBXContainerItemProxy section */
		15DD2A1A29D597EF00254F81 /* PBXContainerItemProxy */ = {
			isa = PBXContainerItemProxy;
			containerPortal = 15DD2A0129D597EE00254F81 /* Project object */;
			proxyType = 1;
			remoteGlobalIDString = 15DD2A0829D597EE00254F81;
			remoteInfo = 100knocks;
		};
		15DD2A2429D597EF00254F81 /* PBXContainerItemProxy */ = {
			isa = PBXContainerItemProxy;
			containerPortal = 15DD2A0129D597EE00254F81 /* Project object */;
			proxyType = 1;
			remoteGlobalIDString = 15DD2A0829D597EE00254F81;
			remoteInfo = 100knocks;
		};
/* End PBXContainerItemProxy section */

/* Begin PBXFileReference section */
		15DD2A0929D597EE00254F81 /* 100knocks.app */ = {isa = PBXFileReference; explicitFileType = wrapper.application; includeInIndex = 0; path = 100knocks.app; sourceTree = BUILT_PRODUCTS_DIR; };
		15DD2A0C29D597EE00254F81 /* _00knocksApp.swift */ = {isa = PBXFileReference; lastKnownFileType = sourcecode.swift; path = _00knocksApp.swift; sourceTree = "<group>"; };
		15DD2A0E29D597EE00254F81 /* ContentView.swift */ = {isa = PBXFileReference; lastKnownFileType = sourcecode.swift; path = ContentView.swift; sourceTree = "<group>"; };
		15DD2A1029D597EF00254F81 /* Assets.xcassets */ = {isa = PBXFileReference; lastKnownFileType = folder.assetcatalog; path = Assets.xcassets; sourceTree = "<group>"; };
		15DD2A1329D597EF00254F81 /* Preview Assets.xcassets */ = {isa = PBXFileReference; lastKnownFileType = folder.assetcatalog; path = "Preview Assets.xcassets"; sourceTree = "<group>"; };
		15DD2A1929D597EF00254F81 /* 100knocksTests.xctest */ = {isa = PBXFileReference; explicitFileType = wrapper.cfbundle; includeInIndex = 0; path = 100knocksTests.xctest; sourceTree = BUILT_PRODUCTS_DIR; };
		15DD2A1D29D597EF00254F81 /* _00knocksTests.swift */ = {isa = PBXFileReference; lastKnownFileType = sourcecode.swift; path = _00knocksTests.swift; sourceTree = "<group>"; };
		15DD2A2329D597EF00254F81 /* 100knocksUITests.xctest */ = {isa = PBXFileReference; explicitFileType = wrapper.cfbundle; includeInIndex = 0; path = 100knocksUITests.xctest; sourceTree = BUILT_PRODUCTS_DIR; };
		15DD2A2729D597EF00254F81 /* _00knocksUITests.swift */ = {isa = PBXFileReference; lastKnownFileType = sourcecode.swift; path = _00knocksUITests.swift; sourceTree = "<group>"; };
		15DD2A2929D597EF00254F81 /* _00knocksUITestsLaunchTests.swift */ = {isa = PBXFileReference; lastKnownFileType = sourcecode.swift; path = _00knocksUITestsLaunchTests.swift; sourceTree = "<group>"; };
/* End PBXFileReference section */

/* Begin PBXFrameworksBuildPhase section */
		15DD2A0629D597EE00254F81 /* Frameworks */ = {
			isa = PBXFrameworksBuildPhase;
			buildActionMask = 2147483647;
			files = (
			);
			runOnlyForDeploymentPostprocessing = 0;
		};
		15DD2A1629D597EF00254F81 /* Frameworks */ = {
			isa = PBXFrameworksBuildPhase;
			buildActionMask = 2147483647;
			files = (
			);
			runOnlyForDeploymentPostprocessing = 0;
		};
		15DD2A2029D597EF00254F81 /* Frameworks */ = {
			isa = PBXFrameworksBuildPhase;
			buildActionMask = 2147483647;
			files = (
			);
			runOnlyForDeploymentPostprocessing = 0;
		};
/* End PBXFrameworksBuildPhase section */

/* Begin PBXGroup section */
		15DD2A0029D597EE00254F81 = {
			isa = PBXGroup;
			children = (
				15DD2A0B29D597EE00254F81 /* 100knocks */,
				15DD2A1C29D597EF00254F81 /* 100knocksTests */,
				15DD2A2629D597EF00254F81 /* 100knocksUITests */,
				15DD2A0A29D597EE00254F81 /* Products */,
			);
			sourceTree = "<group>";
		};
		15DD2A0A29D597EE00254F81 /* Products */ = {
			isa = PBXGroup;
			children = (
				15DD2A0929D597EE00254F81 /* 100knocks.app */,
				15DD2A1929D597EF00254F81 /* 100knocksTests.xctest */,
				15DD2A2329D597EF00254F81 /* 100knocksUITests.xctest */,
			);
			name = Products;
			sourceTree = "<group>";
		};
		15DD2A0B29D597EE00254F81 /* 100knocks */ = {
			isa = PBXGroup;
			children = (
				15DD2A0C29D597EE00254F81 /* _00knocksApp.swift */,
				15DD2A0E29D597EE00254F81 /* ContentView.swift */,
				15DD2A1029D597EF00254F81 /* Assets.xcassets */,
				15DD2A1229D597EF00254F81 /* Preview Content */,
			);
			path = 100knocks;
			sourceTree = "<group>";
		};
		15DD2A1229D597EF00254F81 /* Preview Content */ = {
			isa = PBXGroup;
			children = (
				15DD2A1329D597EF00254F81 /* Preview Assets.xcassets */,
			);
			path = "Preview Content";
			sourceTree = "<group>";
		};
		15DD2A1C29D597EF00254F81 /* 100knocksTests */ = {
			isa = PBXGroup;
			children = (
				15DD2A1D29D597EF00254F81 /* _00knocksTests.swift */,
			);
			path = 100knocksTests;
			sourceTree = "<group>";
		};
		15DD2A2629D597EF00254F81 /* 100knocksUITests */ = {
			isa = PBXGroup;
			children = (
				15DD2A2729D597EF00254F81 /* _00knocksUITests.swift */,
				15DD2A2929D597EF00254F81 /* _00knocksUITestsLaunchTests.swift */,
			);
			path = 100knocksUITests;
			sourceTree = "<group>";
		};
/* End PBXGroup section */

/* Begin PBXNativeTarget section */
		15DD2A0829D597EE00254F81 /* 100knocks */ = {
			isa = PBXNativeTarget;
			buildConfigurationList = 15DD2A2D29D597EF00254F81 /* Build configuration list for PBXNativeTarget "100knocks" */;
			buildPhases = (
				15DD2A0529D597EE00254F81 /* Sources */,
				15DD2A0629D597EE00254F81 /* Frameworks */,
				15DD2A0729D597EE00254F81 /* Resources */,
			);
			buildRules = (
			);
			dependencies = (
			);
			name = 100knocks;
			productName = 100knocks;
			productReference = 15DD2A0929D597EE00254F81 /* 100knocks.app */;
			productType = "com.apple.product-type.application";
		};
		15DD2A1829D597EF00254F81 /* 100knocksTests */ = {
			isa = PBXNativeTarget;
			buildConfigurationList = 15DD2A3029D597EF00254F81 /* Build configuration list for PBXNativeTarget "100knocksTests" */;
			buildPhases = (
				15DD2A1529D597EF00254F81 /* Sources */,
				15DD2A1629D597EF00254F81 /* Frameworks */,
				15DD2A1729D597EF00254F81 /* Resources */,
			);
			buildRules = (
			);
			dependencies = (
				15DD2A1B29D597EF00254F81 /* PBXTargetDependency */,
			);
			name = 100knocksTests;
			productName = 100knocksTests;
			productReference = 15DD2A1929D597EF00254F81 /* 100knocksTests.xctest */;
			productType = "com.apple.product-type.bundle.unit-test";
		};
		15DD2A2229D597EF00254F81 /* 100knocksUITests */ = {
			isa = PBXNativeTarget;
			buildConfigurationList = 15DD2A3329D597EF00254F81 /* Build configuration list for PBXNativeTarget "100knocksUITests" */;
			buildPhases = (
				15DD2A1F29D597EF00254F81 /* Sources */,
				15DD2A2029D597EF00254F81 /* Frameworks */,
				15DD2A2129D597EF00254F81 /* Resources */,
			);
			buildRules = (
			);
			dependencies = (
				15DD2A2529D597EF00254F81 /* PBXTargetDependency */,
			);
			name = 100knocksUITests;
			productName = 100knocksUITests;
			productReference = 15DD2A2329D597EF00254F81 /* 100knocksUITests.xctest */;
			productType = "com.apple.product-type.bundle.ui-testing";
		};
/* End PBXNativeTarget section */

/* Begin PBXProject section */
		15DD2A0129D597EE00254F81 /* Project object */ = {
			isa = PBXProject;
			attributes = {
				BuildIndependentTargetsInParallel = 1;
				LastSwiftUpdateCheck = 1420;
				LastUpgradeCheck = 1420;
				TargetAttributes = {
					15DD2A0829D597EE00254F81 = {
						CreatedOnToolsVersion = 14.2;
					};
					15DD2A1829D597EF00254F81 = {
						CreatedOnToolsVersion = 14.2;
						TestTargetID = 15DD2A0829D597EE00254F81;
					};
					15DD2A2229D597EF00254F81 = {
						CreatedOnToolsVersion = 14.2;
						TestTargetID = 15DD2A0829D597EE00254F81;
					};
				};
			};
			buildConfigurationList = 15DD2A0429D597EE00254F81 /* Build configuration list for PBXProject "100knocks" */;
			compatibilityVersion = "Xcode 14.0";
			developmentRegion = en;
			hasScannedForEncodings = 0;
			knownRegions = (
				en,
				Base,
			);
			mainGroup = 15DD2A0029D597EE00254F81;
			productRefGroup = 15DD2A0A29D597EE00254F81 /* Products */;
			projectDirPath = "";
			projectRoot = "";
			targets = (
				15DD2A0829D597EE00254F81 /* 100knocks */,
				15DD2A1829D597EF00254F81 /* 100knocksTests */,
				15DD2A2229D597EF00254F81 /* 100knocksUITests */,
			);
		};
/* End PBXProject section */

/* Begin PBXResourcesBuildPhase section */
		15DD2A0729D597EE00254F81 /* Resources */ = {
			isa = PBXResourcesBuildPhase;
			buildActionMask = 2147483647;
			files = (
				15DD2A1429D597EF00254F81 /* Preview Assets.xcassets in Resources */,
				15DD2A1129D597EF00254F81 /* Assets.xcassets in Resources */,
			);
			runOnlyForDeploymentPostprocessing = 0;
		};
		15DD2A1729D597EF00254F81 /* Resources */ = {
			isa = PBXResourcesBuildPhase;
			buildActionMask = 2147483647;
			files = (
			);
			runOnlyForDeploymentPostprocessing = 0;
		};
		15DD2A2129D597EF00254F81 /* Resources */ = {
			isa = PBXResourcesBuildPhase;
			buildActionMask = 2147483647;
			files = (
			);
			runOnlyForDeploymentPostprocessing = 0;
		};
/* End PBXResourcesBuildPhase section */

/* Begin PBXSourcesBuildPhase section */
		15DD2A0529D597EE00254F81 /* Sources */ = {
			isa = PBXSourcesBuildPhase;
			buildActionMask = 2147483647;
			files = (
				15DD2A0F29D597EE00254F81 /* ContentView.swift in Sources */,
				15DD2A0D29D597EE00254F81 /* _00knocksApp.swift in Sources */,
			);
			runOnlyForDeploymentPostprocessing = 0;
		};
		15DD2A1529D597EF00254F81 /* Sources */ = {
			isa = PBXSourcesBuildPhase;
			buildActionMask = 2147483647;
			files = (
				15DD2A1E29D597EF00254F81 /* _00knocksTests.swift in Sources */,
			);
			runOnlyForDeploymentPostprocessing = 0;
		};
		15DD2A1F29D597EF00254F81 /* Sources */ = {
			isa = PBXSourcesBuildPhase;
			buildActionMask = 2147483647;
			files = (
				15DD2A2829D597EF00254F81 /* _00knocksUITests.swift in Sources */,
				15DD2A2A29D597EF00254F81 /* _00knocksUITestsLaunchTests.swift in Sources */,
			);
			runOnlyForDeploymentPostprocessing = 0;
		};
/* End PBXSourcesBuildPhase section */

/* Begin PBXTargetDependency section */
		15DD2A1B29D597EF00254F81 /* PBXTargetDependency */ = {
			isa = PBXTargetDependency;
			target = 15DD2A0829D597EE00254F81 /* 100knocks */;
			targetProxy = 15DD2A1A29D597EF00254F81 /* PBXContainerItemProxy */;
		};
		15DD2A2529D597EF00254F81 /* PBXTargetDependency */ = {
			isa = PBXTargetDependency;
			target = 15DD2A0829D597EE00254F81 /* 100knocks */;
			targetProxy = 15DD2A2429D597EF00254F81 /* PBXContainerItemProxy */;
		};
/* End PBXTargetDependency section */

/* Begin XCBuildConfiguration section */
		15DD2A2B29D597EF00254F81 /* Debug */ = {
			isa = XCBuildConfiguration;
			buildSettings = {
				ALWAYS_SEARCH_USER_PATHS = NO;
				CLANG_ANALYZER_NONNULL = YES;
				CLANG_ANALYZER_NUMBER_OBJECT_CONVERSION = YES_AGGRESSIVE;
				CLANG_CXX_LANGUAGE_STANDARD = "gnu++20";
				CLANG_ENABLE_MODULES = YES;
				CLANG_ENABLE_OBJC_ARC = YES;
				CLANG_ENABLE_OBJC_WEAK = YES;
				CLANG_WARN_BLOCK_CAPTURE_AUTORELEASING = YES;
				CLANG_WARN_BOOL_CONVERSION = YES;
				CLANG_WARN_COMMA = YES;
				CLANG_WARN_CONSTANT_CONVERSION = YES;
				CLANG_WARN_DEPRECATED_OBJC_IMPLEMENTATIONS = YES;
				CLANG_WARN_DIRECT_OBJC_ISA_USAGE = YES_ERROR;
				CLANG_WARN_DOCUMENTATION_COMMENTS = YES;
				CLANG_WARN_EMPTY_BODY = YES;
				CLANG_WARN_ENUM_CONVERSION = YES;
				CLANG_WARN_INFINITE_RECURSION = YES;
				CLANG_WARN_INT_CONVERSION = YES;
				CLANG_WARN_NON_LITERAL_NULL_CONVERSION = YES;
				CLANG_WARN_OBJC_IMPLICIT_RETAIN_SELF = YES;
				CLANG_WARN_OBJC_LITERAL_CONVERSION = YES;
				CLANG_WARN_OBJC_ROOT_CLASS = YES_ERROR;
				CLANG_WARN_QUOTED_INCLUDE_IN_FRAMEWORK_HEADER = YES;
				CLANG_WARN_RANGE_LOOP_ANALYSIS = YES;
				CLANG_WARN_STRICT_PROTOTYPES = YES;
				CLANG_WARN_SUSPICIOUS_MOVE = YES;
				CLANG_WARN_UNGUARDED_AVAILABILITY = YES_AGGRESSIVE;
				CLANG_WARN_UNREACHABLE_CODE = YES;
				CLANG_WARN__DUPLICATE_METHOD_MATCH = YES;
				COPY_PHASE_STRIP = NO;
				DEBUG_INFORMATION_FORMAT = dwarf;
				ENABLE_STRICT_OBJC_MSGSEND = YES;
				ENABLE_TESTABILITY = YES;
				GCC_C_LANGUAGE_STANDARD = gnu11;
				GCC_DYNAMIC_NO_PIC = NO;
				GCC_NO_COMMON_BLOCKS = YES;
				GCC_OPTIMIZATION_LEVEL = 0;
				GCC_PREPROCESSOR_DEFINITIONS = (
					"DEBUG=1",
					"$(inherited)",
				);
				GCC_WARN_64_TO_32_BIT_CONVERSION = YES;
				GCC_WARN_ABOUT_RETURN_TYPE = YES_ERROR;
				GCC_WARN_UNDECLARED_SELECTOR = YES;
				GCC_WARN_UNINITIALIZED_AUTOS = YES_AGGRESSIVE;
				GCC_WARN_UNUSED_FUNCTION = YES;
				GCC_WARN_UNUSED_VARIABLE = YES;
				IPHONEOS_DEPLOYMENT_TARGET = 16.2;
				MTL_ENABLE_DEBUG_INFO = INCLUDE_SOURCE;
				MTL_FAST_MATH = YES;
				ONLY_ACTIVE_ARCH = YES;
				SDKROOT = iphoneos;
				SWIFT_ACTIVE_COMPILATION_CONDITIONS = DEBUG;
				SWIFT_OPTIMIZATION_LEVEL = "-Onone";
			};
			name = Debug;
		};
		15DD2A2C29D597EF00254F81 /* Release */ = {
			isa = XCBuildConfiguration;
			buildSettings = {
				ALWAYS_SEARCH_USER_PATHS = NO;
				CLANG_ANALYZER_NONNULL = YES;
				CLANG_ANALYZER_NUMBER_OBJECT_CONVERSION = YES_AGGRESSIVE;
				CLANG_CXX_LANGUAGE_STANDARD = "gnu++20";
				CLANG_ENABLE_MODULES = YES;
				CLANG_ENABLE_OBJC_ARC = YES;
				CLANG_ENABLE_OBJC_WEAK = YES;
				CLANG_WARN_BLOCK_CAPTURE_AUTORELEASING = YES;
				CLANG_WARN_BOOL_CONVERSION = YES;
				CLANG_WARN_COMMA = YES;
				CLANG_WARN_CONSTANT_CONVERSION = YES;
				CLANG_WARN_DEPRECATED_OBJC_IMPLEMENTATIONS = YES;
				CLANG_WARN_DIRECT_OBJC_ISA_USAGE = YES_ERROR;
				CLANG_WARN_DOCUMENTATION_COMMENTS = YES;
				CLANG_WARN_EMPTY_BODY = YES;
				CLANG_WARN_ENUM_CONVERSION = YES;
				CLANG_WARN_INFINITE_RECURSION = YES;
				CLANG_WARN_INT_CONVERSION = YES;
				CLANG_WARN_NON_LITERAL_NULL_CONVERSION = YES;
				CLANG_WARN_OBJC_IMPLICIT_RETAIN_SELF = YES;
				CLANG_WARN_OBJC_LITERAL_CONVERSION = YES;
				CLANG_WARN_OBJC_ROOT_CLASS = YES_ERROR;
				CLANG_WARN_QUOTED_INCLUDE_IN_FRAMEWORK_HEADER = YES;
				CLANG_WARN_RANGE_LOOP_ANALYSIS = YES;
				CLANG_WARN_STRICT_PROTOTYPES = YES;
				CLANG_WARN_SUSPICIOUS_MOVE = YES;
				CLANG_WARN_UNGUARDED_AVAILABILITY = YES_AGGRESSIVE;
				CLANG_WARN_UNREACHABLE_CODE = YES;
				CLANG_WARN__DUPLICATE_METHOD_MATCH = YES;
				COPY_PHASE_STRIP = NO;
				DEBUG_INFORMATION_FORMAT = "dwarf-with-dsym";
				ENABLE_NS_ASSERTIONS = NO;
				ENABLE_STRICT_OBJC_MSGSEND = YES;
				GCC_C_LANGUAGE_STANDARD = gnu11;
				GCC_NO_COMMON_BLOCKS = YES;
				GCC_WARN_64_TO_32_BIT_CONVERSION = YES;
				GCC_WARN_ABOUT_RETURN_TYPE = YES_ERROR;
				GCC_WARN_UNDECLARED_SELECTOR = YES;
				GCC_WARN_UNINITIALIZED_AUTOS = YES_AGGRESSIVE;
				GCC_WARN_UNUSED_FUNCTION = YES;
				GCC_WARN_UNUSED_VARIABLE = YES;
				IPHONEOS_DEPLOYMENT_TARGET = 16.2;
				MTL_ENABLE_DEBUG_INFO = NO;
				MTL_FAST_MATH = YES;
				SDKROOT = iphoneos;
				SWIFT_COMPILATION_MODE = wholemodule;
				SWIFT_OPTIMIZATION_LEVEL = "-O";
				VALIDATE_PRODUCT = YES;
			};
			name = Release;
		};
		15DD2A2E29D597EF00254F81 /* Debug */ = {
			isa = XCBuildConfiguration;
			buildSettings = {
				ASSETCATALOG_COMPILER_APPICON_NAME = AppIcon;
				ASSETCATALOG_COMPILER_GLOBAL_ACCENT_COLOR_NAME = AccentColor;
				CODE_SIGN_STYLE = Automatic;
				CURRENT_PROJECT_VERSION = 1;
				DEVELOPMENT_ASSET_PATHS = "\"100knocks/Preview Content\"";
				ENABLE_PREVIEWS = YES;
				GENERATE_INFOPLIST_FILE = YES;
				INFOPLIST_KEY_UIApplicationSceneManifest_Generation = YES;
				INFOPLIST_KEY_UIApplicationSupportsIndirectInputEvents = YES;
				INFOPLIST_KEY_UILaunchScreen_Generation = YES;
				INFOPLIST_KEY_UISupportedInterfaceOrientations_iPad = "UIInterfaceOrientationPortrait UIInterfaceOrientationPortraitUpsideDown UIInterfaceOrientationLandscapeLeft UIInterfaceOrientationLandscapeRight";
				INFOPLIST_KEY_UISupportedInterfaceOrientations_iPhone = "UIInterfaceOrientationPortrait UIInterfaceOrientationLandscapeLeft UIInterfaceOrientationLandscapeRight";
				LD_RUNPATH_SEARCH_PATHS = (
					"$(inherited)",
					"@executable_path/Frameworks",
				);
				MARKETING_VERSION = 1.0;
				PRODUCT_BUNDLE_IDENTIFIER = "com.sugioka.-00knocks";
				PRODUCT_NAME = "$(TARGET_NAME)";
				SWIFT_EMIT_LOC_STRINGS = YES;
				SWIFT_VERSION = 5.0;
				TARGETED_DEVICE_FAMILY = "1,2";
			};
			name = Debug;
		};
		15DD2A2F29D597EF00254F81 /* Release */ = {
			isa = XCBuildConfiguration;
			buildSettings = {
				ASSETCATALOG_COMPILER_APPICON_NAME = AppIcon;
				ASSETCATALOG_COMPILER_GLOBAL_ACCENT_COLOR_NAME = AccentColor;
				CODE_SIGN_STYLE = Automatic;
				CURRENT_PROJECT_VERSION = 1;
				DEVELOPMENT_ASSET_PATHS = "\"100knocks/Preview Content\"";
				ENABLE_PREVIEWS = YES;
				GENERATE_INFOPLIST_FILE = YES;
				INFOPLIST_KEY_UIApplicationSceneManifest_Generation = YES;
				INFOPLIST_KEY_UIApplicationSupportsIndirectInputEvents = YES;
				INFOPLIST_KEY_UILaunchScreen_Generation = YES;
				INFOPLIST_KEY_UISupportedInterfaceOrientations_iPad = "UIInterfaceOrientationPortrait UIInterfaceOrientationPortraitUpsideDown UIInterfaceOrientationLandscapeLeft UIInterfaceOrientationLandscapeRight";
				INFOPLIST_KEY_UISupportedInterfaceOrientations_iPhone = "UIInterfaceOrientationPortrait UIInterfaceOrientationLandscapeLeft UIInterfaceOrientationLandscapeRight";
				LD_RUNPATH_SEARCH_PATHS = (
					"$(inherited)",
					"@executable_path/Frameworks",
				);
				MARKETING_VERSION = 1.0;
				PRODUCT_BUNDLE_IDENTIFIER = "com.sugioka.-00knocks";
				PRODUCT_NAME = "$(TARGET_NAME)";
				SWIFT_EMIT_LOC_STRINGS = YES;
				SWIFT_VERSION = 5.0;
				TARGETED_DEVICE_FAMILY = "1,2";
			};
			name = Release;
		};
		15DD2A3129D597EF00254F81 /* Debug */ = {
			isa = XCBuildConfiguration;
			buildSettings = {
				ALWAYS_EMBED_SWIFT_STANDARD_LIBRARIES = YES;
				BUNDLE_LOADER = "$(TEST_HOST)";
				CODE_SIGN_STYLE = Automatic;
				CURRENT_PROJECT_VERSION = 1;
				GENERATE_INFOPLIST_FILE = YES;
				IPHONEOS_DEPLOYMENT_TARGET = 16.2;
				MARKETING_VERSION = 1.0;
				PRODUCT_BUNDLE_IDENTIFIER = "com.sugioka.-00knocksTests";
				PRODUCT_NAME = "$(TARGET_NAME)";
				SWIFT_EMIT_LOC_STRINGS = NO;
				SWIFT_VERSION = 5.0;
				TARGETED_DEVICE_FAMILY = "1,2";
				TEST_HOST = "$(BUILT_PRODUCTS_DIR)/100knocks.app/$(BUNDLE_EXECUTABLE_FOLDER_PATH)/100knocks";
			};
			name = Debug;
		};
		15DD2A3229D597EF00254F81 /* Release */ = {
			isa = XCBuildConfiguration;
			buildSettings = {
				ALWAYS_EMBED_SWIFT_STANDARD_LIBRARIES = YES;
				BUNDLE_LOADER = "$(TEST_HOST)";
				CODE_SIGN_STYLE = Automatic;
				CURRENT_PROJECT_VERSION = 1;
				GENERATE_INFOPLIST_FILE = YES;
				IPHONEOS_DEPLOYMENT_TARGET = 16.2;
				MARKETING_VERSION = 1.0;
				PRODUCT_BUNDLE_IDENTIFIER = "com.sugioka.-00knocksTests";
				PRODUCT_NAME = "$(TARGET_NAME)";
				SWIFT_EMIT_LOC_STRINGS = NO;
				SWIFT_VERSION = 5.0;
				TARGETED_DEVICE_FAMILY = "1,2";
				TEST_HOST = "$(BUILT_PRODUCTS_DIR)/100knocks.app/$(BUNDLE_EXECUTABLE_FOLDER_PATH)/100knocks";
			};
			name = Release;
		};
		15DD2A3429D597EF00254F81 /* Debug */ = {
			isa = XCBuildConfiguration;
			buildSettings = {
				ALWAYS_EMBED_SWIFT_STANDARD_LIBRARIES = YES;
				CODE_SIGN_STYLE = Automatic;
				CURRENT_PROJECT_VERSION = 1;
				GENERATE_INFOPLIST_FILE = YES;
				MARKETING_VERSION = 1.0;
				PRODUCT_BUNDLE_IDENTIFIER = "com.sugioka.-00knocksUITests";
				PRODUCT_NAME = "$(TARGET_NAME)";
				SWIFT_EMIT_LOC_STRINGS = NO;
				SWIFT_VERSION = 5.0;
				TARGETED_DEVICE_FAMILY = "1,2";
				TEST_TARGET_NAME = 100knocks;
			};
			name = Debug;
		};
		15DD2A3529D597EF00254F81 /* Release */ = {
			isa = XCBuildConfiguration;
			buildSettings = {
				ALWAYS_EMBED_SWIFT_STANDARD_LIBRARIES = YES;
				CODE_SIGN_STYLE = Automatic;
				CURRENT_PROJECT_VERSION = 1;
				GENERATE_INFOPLIST_FILE = YES;
				MARKETING_VERSION = 1.0;
				PRODUCT_BUNDLE_IDENTIFIER = "com.sugioka.-00knocksUITests";
				PRODUCT_NAME = "$(TARGET_NAME)";
				SWIFT_EMIT_LOC_STRINGS = NO;
				SWIFT_VERSION = 5.0;
				TARGETED_DEVICE_FAMILY = "1,2";
				TEST_TARGET_NAME = 100knocks;
			};
			name = Release;
		};
/* End XCBuildConfiguration section */

/* Begin XCConfigurationList section */
		15DD2A0429D597EE00254F81 /* Build configuration list for PBXProject "100knocks" */ = {
			isa = XCConfigurationList;
			buildConfigurations = (
				15DD2A2B29D597EF00254F81 /* Debug */,
				15DD2A2C29D597EF00254F81 /* Release */,
			);
			defaultConfigurationIsVisible = 0;
			defaultConfigurationName = Release;
		};
		15DD2A2D29D597EF00254F81 /* Build configuration list for PBXNativeTarget "100knocks" */ = {
			isa = XCConfigurationList;
			buildConfigurations = (
				15DD2A2E29D597EF00254F81 /* Debug */,
				15DD2A2F29D597EF00254F81 /* Release */,
			);
			defaultConfigurationIsVisible = 0;
			defaultConfigurationName = Release;
		};
		15DD2A3029D597EF00254F81 /* Build configuration list for PBXNativeTarget "100knocksTests" */ = {
			isa = XCConfigurationList;
			buildConfigurations = (
				15DD2A3129D597EF00254F81 /* Debug */,
				15DD2A3229D597EF00254F81 /* Release */,
			);
			defaultConfigurationIsVisible = 0;
			defaultConfigurationName = Release;
		};
		15DD2A3329D597EF00254F81 /* Build configuration list for PBXNativeTarget "100knocksUITests" */ = {
			isa = XCConfigurationList;
			buildConfigurations = (
				15DD2A3429D597EF00254F81 /* Debug */,
				15DD2A3529D597EF00254F81 /* Release */,
			);
			defaultConfigurationIsVisible = 0;
			defaultConfigurationName = Release;
		};
/* End XCConfigurationList section */
	};
	rootObject = 15DD2A0129D597EE00254F81 /* Project object */;
}
